
Microsoft Visual Studio Solution File, Format Version 12.00
# Visual Studio 14
VisualStudioVersion = 14.0.25420.1
MinimumVisualStudioVersion = 10.0.40219.1
Project("{FAE04EC0-301F-11D3-BF4B-00C04F79EFBC}") = "DynamicControls", "DynamicButton\DynamicControls.csproj", "{9343AA18-0BF6-4D52-B89F-BF45EB46E632}"
EndProject
Project("{FAE04EC0-301F-11D3-BF4B-00C04F79EFBC}") = "WinFromTest", "WinFromTest\WinFromTest.csproj", "{FCA89ECC-61C3-4383-90E3-EBF999CD147D}"
EndProject
Global
	GlobalSection(SolutionConfigurationPlatforms) = preSolution
		Debug|Any CPU = Debug|Any CPU
		Release|Any CPU = Release|Any CPU
	EndGlobalSection
	GlobalSection(ProjectConfigurationPlatforms) = postSolution
		{9343AA18-0BF6-4D52-B89F-BF45EB46E632}.Debug|Any CPU.ActiveCfg = Debug|Any CPU
		{9343AA18-0BF6-4D52-B89F-BF45EB46E632}.Debug|Any CPU.Build.0 = Debug|Any CPU
		{9343AA18-0BF6-4D52-B89F-BF45EB46E632}.Release|Any CPU.ActiveCfg = Release|Any CPU
		{9343AA18-0BF6-4D52-B89F-BF45EB46E632}.Release|Any CPU.Build.0 = Release|Any CPU
		{FCA89ECC-61C3-4383-90E3-EBF999CD147D}.Debug|Any CPU.ActiveCfg = Debug|Any CPU
		{FCA89ECC-61C3-4383-90E3-EBF999CD147D}.Debug|Any CPU.Build.0 = Debug|Any CPU
		{FCA89ECC-61C3-4383-90E3-EBF999CD147D}.Release|Any CPU.ActiveCfg = Release|Any CPU
		{FCA89ECC-61C3-4383-90E3-EBF999CD147D}.Release|Any CPU.Build.0 = Release|Any CPU
	EndGlobalSection
	GlobalSection(SolutionProperties) = preSolution
		HideSolutionNode = FALSE
	EndGlobalSection
EndGlobal
